{
  "name": "climate",
  "version": "1.0.0",
  "lockfileVersion": 1,
  "requires": true,
  "dependencies": {
    "prisma2": {
      "version": "2.0.0-preview-12",
      "resolved": "https://registry.npmjs.org/prisma2/-/prisma2-2.0.0-preview-12.tgz",
      "integrity": "sha512-IZ6oXNo+uBpN9AuT/eSrIWsanbEk+eYNdcJyeaOZsG1OmiC/iPsRZpJAH1e/29uPwFAi9CgD4YBuVq82X0KICg=="
    }
  }
}
